// !$*UTF8*$!
{
	archiveVersion = 1;
	classes = {
	};
	objectVersion = 55;
	objects = {

/* Begin PBXBuildFile section */
		09DC8FD3F8AB39CCB7FE1B62 /* Pods_OnandOff.framework in Frameworks */ = {isa = PBXBuildFile; fileRef = 36AE5F0746509503177A09B9 /* Pods_OnandOff.framework */; };
		DB5AFDE12960052D00667336 /* AppDelegate.swift in Sources */ = {isa = PBXBuildFile; fileRef = DB5AFDE02960052D00667336 /* AppDelegate.swift */; };
		DB5AFDE32960052D00667336 /* SceneDelegate.swift in Sources */ = {isa = PBXBuildFile; fileRef = DB5AFDE22960052D00667336 /* SceneDelegate.swift */; };
		DB5AFDE52960052D00667336 /* LoginViewController.swift in Sources */ = {isa = PBXBuildFile; fileRef = DB5AFDE42960052D00667336 /* LoginViewController.swift */; };
		DB5AFDEA2960053100667336 /* Assets.xcassets in Resources */ = {isa = PBXBuildFile; fileRef = DB5AFDE92960053100667336 /* Assets.xcassets */; };
		DB5AFDED2960053100667336 /* LaunchScreen.storyboard in Resources */ = {isa = PBXBuildFile; fileRef = DB5AFDEB2960053100667336 /* LaunchScreen.storyboard */; };
		DB5AFDF92960068F00667336 /* UIColor+.swift in Sources */ = {isa = PBXBuildFile; fileRef = DB5AFDF82960068F00667336 /* UIColor+.swift */; };
		DB5AFDFB2960069B00667336 /* TempModel.swift in Sources */ = {isa = PBXBuildFile; fileRef = DB5AFDFA2960069B00667336 /* TempModel.swift */; };
		DB5AFDFD296006B200667336 /* TempView.swift in Sources */ = {isa = PBXBuildFile; fileRef = DB5AFDFC296006B200667336 /* TempView.swift */; };
		DB5AFE0129600B6F00667336 /* TempService.swift in Sources */ = {isa = PBXBuildFile; fileRef = DB5AFE0029600B6F00667336 /* TempService.swift */; };
		DB5AFE052960130900667336 /* NotoSans-Regular.ttf in Resources */ = {isa = PBXBuildFile; fileRef = DB5AFE042960130900667336 /* NotoSans-Regular.ttf */; };
		DB5AFE062960130C00667336 /* NotoSans-Bold.ttf in Resources */ = {isa = PBXBuildFile; fileRef = DB5AFE03296012FB00667336 /* NotoSans-Bold.ttf */; };
		DB5AFE082960134400667336 /* UIFont+.swift in Sources */ = {isa = PBXBuildFile; fileRef = DB5AFE072960134400667336 /* UIFont+.swift */; };
		DB5AFE0E2960171100667336 /* HomeViewController.swift in Sources */ = {isa = PBXBuildFile; fileRef = DB5AFE0D2960171100667336 /* HomeViewController.swift */; };
		DB5AFE102960171E00667336 /* LookAroundViewController.swift in Sources */ = {isa = PBXBuildFile; fileRef = DB5AFE0F2960171E00667336 /* LookAroundViewController.swift */; };
		DB5AFE122960173900667336 /* MyPageViewController.swift in Sources */ = {isa = PBXBuildFile; fileRef = DB5AFE112960173800667336 /* MyPageViewController.swift */; };
/* End PBXBuildFile section */

/* Begin PBXFileReference section */
		14B10D6834B0D34676CE9E9A /* Pods-OnandOff.release.xcconfig */ = {isa = PBXFileReference; includeInIndex = 1; lastKnownFileType = text.xcconfig; name = "Pods-OnandOff.release.xcconfig"; path = "Target Support Files/Pods-OnandOff/Pods-OnandOff.release.xcconfig"; sourceTree = "<group>"; };
		36AE5F0746509503177A09B9 /* Pods_OnandOff.framework */ = {isa = PBXFileReference; explicitFileType = wrapper.framework; includeInIndex = 0; path = Pods_OnandOff.framework; sourceTree = BUILT_PRODUCTS_DIR; };
		444E19A11B52940DAC691D1D /* Pods-OnandOff.debug.xcconfig */ = {isa = PBXFileReference; includeInIndex = 1; lastKnownFileType = text.xcconfig; name = "Pods-OnandOff.debug.xcconfig"; path = "Target Support Files/Pods-OnandOff/Pods-OnandOff.debug.xcconfig"; sourceTree = "<group>"; };
		DB5AFDDD2960052D00667336 /* OnandOff.app */ = {isa = PBXFileReference; explicitFileType = wrapper.application; includeInIndex = 0; path = OnandOff.app; sourceTree = BUILT_PRODUCTS_DIR; };
		DB5AFDE02960052D00667336 /* AppDelegate.swift */ = {isa = PBXFileReference; lastKnownFileType = sourcecode.swift; path = AppDelegate.swift; sourceTree = "<group>"; };
		DB5AFDE22960052D00667336 /* SceneDelegate.swift */ = {isa = PBXFileReference; lastKnownFileType = sourcecode.swift; path = SceneDelegate.swift; sourceTree = "<group>"; };
		DB5AFDE42960052D00667336 /* LoginViewController.swift */ = {isa = PBXFileReference; lastKnownFileType = sourcecode.swift; path = LoginViewController.swift; sourceTree = "<group>"; };
		DB5AFDE92960053100667336 /* Assets.xcassets */ = {isa = PBXFileReference; lastKnownFileType = folder.assetcatalog; path = Assets.xcassets; sourceTree = "<group>"; };
		DB5AFDEC2960053100667336 /* Base */ = {isa = PBXFileReference; lastKnownFileType = file.storyboard; name = Base; path = Base.lproj/LaunchScreen.storyboard; sourceTree = "<group>"; };
		DB5AFDEE2960053100667336 /* Info.plist */ = {isa = PBXFileReference; lastKnownFileType = text.plist.xml; path = Info.plist; sourceTree = "<group>"; };
		DB5AFDF82960068F00667336 /* UIColor+.swift */ = {isa = PBXFileReference; lastKnownFileType = sourcecode.swift; path = "UIColor+.swift"; sourceTree = "<group>"; };
		DB5AFDFA2960069B00667336 /* TempModel.swift */ = {isa = PBXFileReference; lastKnownFileType = sourcecode.swift; path = TempModel.swift; sourceTree = "<group>"; };
		DB5AFDFC296006B200667336 /* TempView.swift */ = {isa = PBXFileReference; lastKnownFileType = sourcecode.swift; path = TempView.swift; sourceTree = "<group>"; };
		DB5AFE0029600B6F00667336 /* TempService.swift */ = {isa = PBXFileReference; lastKnownFileType = sourcecode.swift; path = TempService.swift; sourceTree = "<group>"; };
		DB5AFE03296012FB00667336 /* NotoSans-Bold.ttf */ = {isa = PBXFileReference; lastKnownFileType = file; path = "NotoSans-Bold.ttf"; sourceTree = "<group>"; };
		DB5AFE042960130900667336 /* NotoSans-Regular.ttf */ = {isa = PBXFileReference; lastKnownFileType = file; path = "NotoSans-Regular.ttf"; sourceTree = "<group>"; };
		DB5AFE072960134400667336 /* UIFont+.swift */ = {isa = PBXFileReference; lastKnownFileType = sourcecode.swift; path = "UIFont+.swift"; sourceTree = "<group>"; };
		DB5AFE0D2960171100667336 /* HomeViewController.swift */ = {isa = PBXFileReference; lastKnownFileType = sourcecode.swift; path = HomeViewController.swift; sourceTree = "<group>"; };
		DB5AFE0F2960171E00667336 /* LookAroundViewController.swift */ = {isa = PBXFileReference; lastKnownFileType = sourcecode.swift; path = LookAroundViewController.swift; sourceTree = "<group>"; };
		DB5AFE112960173800667336 /* MyPageViewController.swift */ = {isa = PBXFileReference; lastKnownFileType = sourcecode.swift; path = MyPageViewController.swift; sourceTree = "<group>"; };
/* End PBXFileReference section */

/* Begin PBXFrameworksBuildPhase section */
		DB5AFDDA2960052D00667336 /* Frameworks */ = {
			isa = PBXFrameworksBuildPhase;
			buildActionMask = 2147483647;
			files = (
				09DC8FD3F8AB39CCB7FE1B62 /* Pods_OnandOff.framework in Frameworks */,
			);
			runOnlyForDeploymentPostprocessing = 0;
		};
/* End PBXFrameworksBuildPhase section */

/* Begin PBXGroup section */
		0113CF20B838685E88AD1D05 /* Pods */ = {
			isa = PBXGroup;
			children = (
				444E19A11B52940DAC691D1D /* Pods-OnandOff.debug.xcconfig */,
				14B10D6834B0D34676CE9E9A /* Pods-OnandOff.release.xcconfig */,
			);
			path = Pods;
			sourceTree = "<group>";
		};
		1BF422B16DA27E28191A8832 /* Frameworks */ = {
			isa = PBXGroup;
			children = (
				36AE5F0746509503177A09B9 /* Pods_OnandOff.framework */,
			);
			name = Frameworks;
			sourceTree = "<group>";
		};
		DB5AFDD42960052D00667336 = {
			isa = PBXGroup;
			children = (
				DB5AFDDF2960052D00667336 /* OnandOff */,
				DB5AFDDE2960052D00667336 /* Products */,
				0113CF20B838685E88AD1D05 /* Pods */,
				1BF422B16DA27E28191A8832 /* Frameworks */,
			);
			sourceTree = "<group>";
		};
		DB5AFDDE2960052D00667336 /* Products */ = {
			isa = PBXGroup;
			children = (
				DB5AFDDD2960052D00667336 /* OnandOff.app */,
			);
			name = Products;
			sourceTree = "<group>";
		};
		DB5AFDDF2960052D00667336 /* OnandOff */ = {
			isa = PBXGroup;
			children = (
				DB5AFDFF296008DC00667336 /* Resource */,
				DB5AFDFE296008CF00667336 /* Services */,
				DB5AFDF72960067300667336 /* Utils */,
				DB5AFDF62960066D00667336 /* Model */,
				DB5AFDF42960065200667336 /* View */,
				DB5AFDF52960065C00667336 /* ViewController */,
				DB5AFDE02960052D00667336 /* AppDelegate.swift */,
				DB5AFDE22960052D00667336 /* SceneDelegate.swift */,
				DB5AFDEB2960053100667336 /* LaunchScreen.storyboard */,
				DB5AFDEE2960053100667336 /* Info.plist */,
			);
			path = OnandOff;
			sourceTree = "<group>";
		};
		DB5AFDF42960065200667336 /* View */ = {
			isa = PBXGroup;
			children = (
				DB5AFDFC296006B200667336 /* TempView.swift */,
			);
			path = View;
			sourceTree = "<group>";
		};
		DB5AFDF52960065C00667336 /* ViewController */ = {
			isa = PBXGroup;
			children = (
				DB5AFE092960144000667336 /* Authentication */,
				DB5AFE0B296014A600667336 /* Home */,
				DB5AFE0C296014B000667336 /* LookAround */,
				DB5AFE0A2960149300667336 /* MyPage */,
			);
			path = ViewController;
			sourceTree = "<group>";
		};
		DB5AFDF62960066D00667336 /* Model */ = {
			isa = PBXGroup;
			children = (
				DB5AFDFA2960069B00667336 /* TempModel.swift */,
			);
			path = Model;
			sourceTree = "<group>";
		};
		DB5AFDF72960067300667336 /* Utils */ = {
			isa = PBXGroup;
			children = (
				DB5AFE0229600E3600667336 /* Extensions */,
			);
			path = Utils;
			sourceTree = "<group>";
		};
		DB5AFDFE296008CF00667336 /* Services */ = {
			isa = PBXGroup;
			children = (
				DB5AFE0029600B6F00667336 /* TempService.swift */,
			);
			path = Services;
			sourceTree = "<group>";
		};
		DB5AFDFF296008DC00667336 /* Resource */ = {
			isa = PBXGroup;
			children = (
				DB5AFE03296012FB00667336 /* NotoSans-Bold.ttf */,
				DB5AFE042960130900667336 /* NotoSans-Regular.ttf */,
				DB5AFDE92960053100667336 /* Assets.xcassets */,
			);
			path = Resource;
			sourceTree = "<group>";
		};
		DB5AFE0229600E3600667336 /* Extensions */ = {
			isa = PBXGroup;
			children = (
				DB5AFDF82960068F00667336 /* UIColor+.swift */,
				DB5AFE072960134400667336 /* UIFont+.swift */,
			);
			path = Extensions;
			sourceTree = "<group>";
		};
		DB5AFE092960144000667336 /* Authentication */ = {
			isa = PBXGroup;
			children = (
				DB5AFDE42960052D00667336 /* LoginViewController.swift */,
			);
			path = Authentication;
			sourceTree = "<group>";
		};
		DB5AFE0A2960149300667336 /* MyPage */ = {
			isa = PBXGroup;
			children = (
				DB5AFE112960173800667336 /* MyPageViewController.swift */,
			);
			path = MyPage;
			sourceTree = "<group>";
		};
		DB5AFE0B296014A600667336 /* Home */ = {
			isa = PBXGroup;
			children = (
				DB5AFE0D2960171100667336 /* HomeViewController.swift */,
			);
			path = Home;
			sourceTree = "<group>";
		};
		DB5AFE0C296014B000667336 /* LookAround */ = {
			isa = PBXGroup;
			children = (
				DB5AFE0F2960171E00667336 /* LookAroundViewController.swift */,
			);
			path = LookAround;
			sourceTree = "<group>";
		};
/* End PBXGroup section */

/* Begin PBXNativeTarget section */
		DB5AFDDC2960052D00667336 /* OnandOff */ = {
			isa = PBXNativeTarget;
			buildConfigurationList = DB5AFDF12960053100667336 /* Build configuration list for PBXNativeTarget "OnandOff" */;
			buildPhases = (
				A10698AEDD5F70B97AE41D7C /* [CP] Check Pods Manifest.lock */,
				DB5AFDD92960052D00667336 /* Sources */,
				DB5AFDDA2960052D00667336 /* Frameworks */,
				DB5AFDDB2960052D00667336 /* Resources */,
				967CA401AD8A9E7E2444255A /* [CP] Embed Pods Frameworks */,
			);
			buildRules = (
			);
			dependencies = (
			);
			name = OnandOff;
			productName = OnandOff;
			productReference = DB5AFDDD2960052D00667336 /* OnandOff.app */;
			productType = "com.apple.product-type.application";
		};
/* End PBXNativeTarget section */

/* Begin PBXProject section */
		DB5AFDD52960052D00667336 /* Project object */ = {
			isa = PBXProject;
			attributes = {
				BuildIndependentTargetsInParallel = 1;
				LastSwiftUpdateCheck = 1410;
				LastUpgradeCheck = 1410;
				TargetAttributes = {
					DB5AFDDC2960052D00667336 = {
						CreatedOnToolsVersion = 14.1;
					};
				};
			};
			buildConfigurationList = DB5AFDD82960052D00667336 /* Build configuration list for PBXProject "OnandOff" */;
			compatibilityVersion = "Xcode 13.0";
			developmentRegion = en;
			hasScannedForEncodings = 0;
			knownRegions = (
				en,
				Base,
			);
			mainGroup = DB5AFDD42960052D00667336;
			productRefGroup = DB5AFDDE2960052D00667336 /* Products */;
			projectDirPath = "";
			projectRoot = "";
			targets = (
				DB5AFDDC2960052D00667336 /* OnandOff */,
			);
		};
/* End PBXProject section */

/* Begin PBXResourcesBuildPhase section */
		DB5AFDDB2960052D00667336 /* Resources */ = {
			isa = PBXResourcesBuildPhase;
			buildActionMask = 2147483647;
			files = (
				DB5AFE062960130C00667336 /* NotoSans-Bold.ttf in Resources */,
				DB5AFE052960130900667336 /* NotoSans-Regular.ttf in Resources */,
				DB5AFDED2960053100667336 /* LaunchScreen.storyboard in Resources */,
				DB5AFDEA2960053100667336 /* Assets.xcassets in Resources */,
			);
			runOnlyForDeploymentPostprocessing = 0;
		};
/* End PBXResourcesBuildPhase section */

/* Begin PBXShellScriptBuildPhase section */
		967CA401AD8A9E7E2444255A /* [CP] Embed Pods Frameworks */ = {
			isa = PBXShellScriptBuildPhase;
			buildActionMask = 2147483647;
			files = (
			);
			inputFileListPaths = (
				"${PODS_ROOT}/Target Support Files/Pods-OnandOff/Pods-OnandOff-frameworks-${CONFIGURATION}-input-files.xcfilelist",
			);
			name = "[CP] Embed Pods Frameworks";
			outputFileListPaths = (
				"${PODS_ROOT}/Target Support Files/Pods-OnandOff/Pods-OnandOff-frameworks-${CONFIGURATION}-output-files.xcfilelist",
			);
			runOnlyForDeploymentPostprocessing = 0;
			shellPath = /bin/sh;
			shellScript = "\"${PODS_ROOT}/Target Support Files/Pods-OnandOff/Pods-OnandOff-frameworks.sh\"\n";
			showEnvVarsInLog = 0;
		};
		A10698AEDD5F70B97AE41D7C /* [CP] Check Pods Manifest.lock */ = {
			isa = PBXShellScriptBuildPhase;
			buildActionMask = 2147483647;
			files = (
			);
			inputFileListPaths = (
			);
			inputPaths = (
				"${PODS_PODFILE_DIR_PATH}/Podfile.lock",
				"${PODS_ROOT}/Manifest.lock",
			);
			name = "[CP] Check Pods Manifest.lock";
			outputFileListPaths = (
			);
			outputPaths = (
				"$(DERIVED_FILE_DIR)/Pods-OnandOff-checkManifestLockResult.txt",
			);
			runOnlyForDeploymentPostprocessing = 0;
			shellPath = /bin/sh;
			shellScript = "diff \"${PODS_PODFILE_DIR_PATH}/Podfile.lock\" \"${PODS_ROOT}/Manifest.lock\" > /dev/null\nif [ $? != 0 ] ; then\n    # print error to STDERR\n    echo \"error: The sandbox is not in sync with the Podfile.lock. Run 'pod install' or update your CocoaPods installation.\" >&2\n    exit 1\nfi\n# This output is used by Xcode 'outputs' to avoid re-running this script phase.\necho \"SUCCESS\" > \"${SCRIPT_OUTPUT_FILE_0}\"\n";
			showEnvVarsInLog = 0;
		};
/* End PBXShellScriptBuildPhase section */

/* Begin PBXSourcesBuildPhase section */
		DB5AFDD92960052D00667336 /* Sources */ = {
			isa = PBXSourcesBuildPhase;
			buildActionMask = 2147483647;
			files = (
				DB5AFE082960134400667336 /* UIFont+.swift in Sources */,
				DB5AFDFD296006B200667336 /* TempView.swift in Sources */,
				DB5AFDFB2960069B00667336 /* TempModel.swift in Sources */,
				DB5AFDE52960052D00667336 /* LoginViewController.swift in Sources */,
				DB5AFDF92960068F00667336 /* UIColor+.swift in Sources */,
				DB5AFE0E2960171100667336 /* HomeViewController.swift in Sources */,
				DB5AFE122960173900667336 /* MyPageViewController.swift in Sources */,
				DB5AFE102960171E00667336 /* LookAroundViewController.swift in Sources */,
				DB5AFE0129600B6F00667336 /* TempService.swift in Sources */,
				DB5AFDE12960052D00667336 /* AppDelegate.swift in Sources */,
				DB5AFDE32960052D00667336 /* SceneDelegate.swift in Sources */,
			);
			runOnlyForDeploymentPostprocessing = 0;
		};
/* End PBXSourcesBuildPhase section */

/* Begin PBXVariantGroup section */
		DB5AFDEB2960053100667336 /* LaunchScreen.storyboard */ = {
			isa = PBXVariantGroup;
			children = (
				DB5AFDEC2960053100667336 /* Base */,
			);
			name = LaunchScreen.storyboard;
			sourceTree = "<group>";
		};
/* End PBXVariantGroup section */

/* Begin XCBuildConfiguration section */
		DB5AFDEF2960053100667336 /* Debug */ = {
			isa = XCBuildConfiguration;
			buildSettings = {
				ALWAYS_SEARCH_USER_PATHS = NO;
				CLANG_ANALYZER_NONNULL = YES;
				CLANG_ANALYZER_NUMBER_OBJECT_CONVERSION = YES_AGGRESSIVE;
				CLANG_CXX_LANGUAGE_STANDARD = "gnu++20";
				CLANG_ENABLE_MODULES = YES;
				CLANG_ENABLE_OBJC_ARC = YES;
				CLANG_ENABLE_OBJC_WEAK = YES;
				CLANG_WARN_BLOCK_CAPTURE_AUTORELEASING = YES;
				CLANG_WARN_BOOL_CONVERSION = YES;
				CLANG_WARN_COMMA = YES;
				CLANG_WARN_CONSTANT_CONVERSION = YES;
				CLANG_WARN_DEPRECATED_OBJC_IMPLEMENTATIONS = YES;
				CLANG_WARN_DIRECT_OBJC_ISA_USAGE = YES_ERROR;
				CLANG_WARN_DOCUMENTATION_COMMENTS = YES;
				CLANG_WARN_EMPTY_BODY = YES;
				CLANG_WARN_ENUM_CONVERSION = YES;
				CLANG_WARN_INFINITE_RECURSION = YES;
				CLANG_WARN_INT_CONVERSION = YES;
				CLANG_WARN_NON_LITERAL_NULL_CONVERSION = YES;
				CLANG_WARN_OBJC_IMPLICIT_RETAIN_SELF = YES;
				CLANG_WARN_OBJC_LITERAL_CONVERSION = YES;
				CLANG_WARN_OBJC_ROOT_CLASS = YES_ERROR;
				CLANG_WARN_QUOTED_INCLUDE_IN_FRAMEWORK_HEADER = YES;
				CLANG_WARN_RANGE_LOOP_ANALYSIS = YES;
				CLANG_WARN_STRICT_PROTOTYPES = YES;
				CLANG_WARN_SUSPICIOUS_MOVE = YES;
				CLANG_WARN_UNGUARDED_AVAILABILITY = YES_AGGRESSIVE;
				CLANG_WARN_UNREACHABLE_CODE = YES;
				CLANG_WARN__DUPLICATE_METHOD_MATCH = YES;
				COPY_PHASE_STRIP = NO;
				DEBUG_INFORMATION_FORMAT = dwarf;
				ENABLE_STRICT_OBJC_MSGSEND = YES;
				ENABLE_TESTABILITY = YES;
				GCC_C_LANGUAGE_STANDARD = gnu11;
				GCC_DYNAMIC_NO_PIC = NO;
				GCC_NO_COMMON_BLOCKS = YES;
				GCC_OPTIMIZATION_LEVEL = 0;
				GCC_PREPROCESSOR_DEFINITIONS = (
					"DEBUG=1",
					"$(inherited)",
				);
				GCC_WARN_64_TO_32_BIT_CONVERSION = YES;
				GCC_WARN_ABOUT_RETURN_TYPE = YES_ERROR;
				GCC_WARN_UNDECLARED_SELECTOR = YES;
				GCC_WARN_UNINITIALIZED_AUTOS = YES_AGGRESSIVE;
				GCC_WARN_UNUSED_FUNCTION = YES;
				GCC_WARN_UNUSED_VARIABLE = YES;
				IPHONEOS_DEPLOYMENT_TARGET = 13.0;
				MTL_ENABLE_DEBUG_INFO = INCLUDE_SOURCE;
				MTL_FAST_MATH = YES;
				ONLY_ACTIVE_ARCH = YES;
				SDKROOT = iphoneos;
				SWIFT_ACTIVE_COMPILATION_CONDITIONS = DEBUG;
				SWIFT_OPTIMIZATION_LEVEL = "-Onone";
			};
			name = Debug;
		};
		DB5AFDF02960053100667336 /* Release */ = {
			isa = XCBuildConfiguration;
			buildSettings = {
				ALWAYS_SEARCH_USER_PATHS = NO;
				CLANG_ANALYZER_NONNULL = YES;
				CLANG_ANALYZER_NUMBER_OBJECT_CONVERSION = YES_AGGRESSIVE;
				CLANG_CXX_LANGUAGE_STANDARD = "gnu++20";
				CLANG_ENABLE_MODULES = YES;
				CLANG_ENABLE_OBJC_ARC = YES;
				CLANG_ENABLE_OBJC_WEAK = YES;
				CLANG_WARN_BLOCK_CAPTURE_AUTORELEASING = YES;
				CLANG_WARN_BOOL_CONVERSION = YES;
				CLANG_WARN_COMMA = YES;
				CLANG_WARN_CONSTANT_CONVERSION = YES;
				CLANG_WARN_DEPRECATED_OBJC_IMPLEMENTATIONS = YES;
				CLANG_WARN_DIRECT_OBJC_ISA_USAGE = YES_ERROR;
				CLANG_WARN_DOCUMENTATION_COMMENTS = YES;
				CLANG_WARN_EMPTY_BODY = YES;
				CLANG_WARN_ENUM_CONVERSION = YES;
				CLANG_WARN_INFINITE_RECURSION = YES;
				CLANG_WARN_INT_CONVERSION = YES;
				CLANG_WARN_NON_LITERAL_NULL_CONVERSION = YES;
				CLANG_WARN_OBJC_IMPLICIT_RETAIN_SELF = YES;
				CLANG_WARN_OBJC_LITERAL_CONVERSION = YES;
				CLANG_WARN_OBJC_ROOT_CLASS = YES_ERROR;
				CLANG_WARN_QUOTED_INCLUDE_IN_FRAMEWORK_HEADER = YES;
				CLANG_WARN_RANGE_LOOP_ANALYSIS = YES;
				CLANG_WARN_STRICT_PROTOTYPES = YES;
				CLANG_WARN_SUSPICIOUS_MOVE = YES;
				CLANG_WARN_UNGUARDED_AVAILABILITY = YES_AGGRESSIVE;
				CLANG_WARN_UNREACHABLE_CODE = YES;
				CLANG_WARN__DUPLICATE_METHOD_MATCH = YES;
				COPY_PHASE_STRIP = NO;
				DEBUG_INFORMATION_FORMAT = "dwarf-with-dsym";
				ENABLE_NS_ASSERTIONS = NO;
				ENABLE_STRICT_OBJC_MSGSEND = YES;
				GCC_C_LANGUAGE_STANDARD = gnu11;
				GCC_NO_COMMON_BLOCKS = YES;
				GCC_WARN_64_TO_32_BIT_CONVERSION = YES;
				GCC_WARN_ABOUT_RETURN_TYPE = YES_ERROR;
				GCC_WARN_UNDECLARED_SELECTOR = YES;
				GCC_WARN_UNINITIALIZED_AUTOS = YES_AGGRESSIVE;
				GCC_WARN_UNUSED_FUNCTION = YES;
				GCC_WARN_UNUSED_VARIABLE = YES;
				IPHONEOS_DEPLOYMENT_TARGET = 13.0;
				MTL_ENABLE_DEBUG_INFO = NO;
				MTL_FAST_MATH = YES;
				SDKROOT = iphoneos;
				SWIFT_COMPILATION_MODE = wholemodule;
				SWIFT_OPTIMIZATION_LEVEL = "-O";
				VALIDATE_PRODUCT = YES;
			};
			name = Release;
		};
		DB5AFDF22960053100667336 /* Debug */ = {
			isa = XCBuildConfiguration;
			baseConfigurationReference = 444E19A11B52940DAC691D1D /* Pods-OnandOff.debug.xcconfig */;
			buildSettings = {
				ASSETCATALOG_COMPILER_APPICON_NAME = AppIcon;
				ASSETCATALOG_COMPILER_GLOBAL_ACCENT_COLOR_NAME = AccentColor;
				CODE_SIGN_STYLE = Automatic;
				CURRENT_PROJECT_VERSION = 1;
				DEVELOPMENT_TEAM = V2YNV9QV27;
				GENERATE_INFOPLIST_FILE = YES;
				INFOPLIST_FILE = OnandOff/Info.plist;
				INFOPLIST_KEY_UIApplicationSupportsIndirectInputEvents = YES;
				INFOPLIST_KEY_UILaunchStoryboardName = LaunchScreen;
				INFOPLIST_KEY_UIMainStoryboardFile = Main;
				INFOPLIST_KEY_UISupportedInterfaceOrientations = UIInterfaceOrientationPortrait;
				INFOPLIST_KEY_UISupportedInterfaceOrientations_iPad = "UIInterfaceOrientationLandscapeLeft UIInterfaceOrientationLandscapeRight UIInterfaceOrientationPortrait UIInterfaceOrientationPortraitUpsideDown";
				IPHONEOS_DEPLOYMENT_TARGET = 13.0;
				LD_RUNPATH_SEARCH_PATHS = (
					"$(inherited)",
					"@executable_path/Frameworks",
				);
				MARKETING_VERSION = 1.0;
				PRODUCT_BUNDLE_IDENTIFIER = OnandOff.OnandOff;
				PRODUCT_NAME = "$(TARGET_NAME)";
				SUPPORTED_PLATFORMS = "iphoneos iphonesimulator";
				SUPPORTS_MACCATALYST = NO;
				SUPPORTS_MAC_DESIGNED_FOR_IPHONE_IPAD = NO;
				SWIFT_EMIT_LOC_STRINGS = YES;
				SWIFT_VERSION = 5.0;
				TARGETED_DEVICE_FAMILY = 1;
			};
			name = Debug;
		};
		DB5AFDF32960053100667336 /* Release */ = {
			isa = XCBuildConfiguration;
			baseConfigurationReference = 14B10D6834B0D34676CE9E9A /* Pods-OnandOff.release.xcconfig */;
			buildSettings = {
				ASSETCATALOG_COMPILER_APPICON_NAME = AppIcon;
				ASSETCATALOG_COMPILER_GLOBAL_ACCENT_COLOR_NAME = AccentColor;
				CODE_SIGN_STYLE = Automatic;
				CURRENT_PROJECT_VERSION = 1;
				DEVELOPMENT_TEAM = V2YNV9QV27;
				GENERATE_INFOPLIST_FILE = YES;
				INFOPLIST_FILE = OnandOff/Info.plist;
				INFOPLIST_KEY_UIApplicationSupportsIndirectInputEvents = YES;
				INFOPLIST_KEY_UILaunchStoryboardName = LaunchScreen;
				INFOPLIST_KEY_UIMainStoryboardFile = Main;
				INFOPLIST_KEY_UISupportedInterfaceOrientations = UIInterfaceOrientationPortrait;
				INFOPLIST_KEY_UISupportedInterfaceOrientations_iPad = "UIInterfaceOrientationLandscapeLeft UIInterfaceOrientationLandscapeRight UIInterfaceOrientationPortrait UIInterfaceOrientationPortraitUpsideDown";
				IPHONEOS_DEPLOYMENT_TARGET = 13.0;
				LD_RUNPATH_SEARCH_PATHS = (
					"$(inherited)",
					"@executable_path/Frameworks",
				);
				MARKETING_VERSION = 1.0;
				PRODUCT_BUNDLE_IDENTIFIER = OnandOff.OnandOff;
				PRODUCT_NAME = "$(TARGET_NAME)";
				SUPPORTED_PLATFORMS = "iphoneos iphonesimulator";
				SUPPORTS_MACCATALYST = NO;
				SUPPORTS_MAC_DESIGNED_FOR_IPHONE_IPAD = NO;
				SWIFT_EMIT_LOC_STRINGS = YES;
				SWIFT_VERSION = 5.0;
				TARGETED_DEVICE_FAMILY = 1;
			};
			name = Release;
		};
/* End XCBuildConfiguration section */

/* Begin XCConfigurationList section */
		DB5AFDD82960052D00667336 /* Build configuration list for PBXProject "OnandOff" */ = {
			isa = XCConfigurationList;
			buildConfigurations = (
				DB5AFDEF2960053100667336 /* Debug */,
				DB5AFDF02960053100667336 /* Release */,
			);
			defaultConfigurationIsVisible = 0;
			defaultConfigurationName = Release;
		};
		DB5AFDF12960053100667336 /* Build configuration list for PBXNativeTarget "OnandOff" */ = {
			isa = XCConfigurationList;
			buildConfigurations = (
				DB5AFDF22960053100667336 /* Debug */,
				DB5AFDF32960053100667336 /* Release */,
			);
			defaultConfigurationIsVisible = 0;
			defaultConfigurationName = Release;
		};
/* End XCConfigurationList section */
	};
	rootObject = DB5AFDD52960052D00667336 /* Project object */;
}
